
Microsoft Visual Studio Solution File, Format Version 12.00
# Visual Studio Version 17
VisualStudioVersion = 17.2.32526.322
MinimumVisualStudioVersion = 10.0.40219.1
Project("{9A19103F-16F7-4668-BE54-9A1E7A4F7556}") = "ECOURSES", "ECOURSES\ECOURSES.csproj", "{9A9BD9AC-C7CC-48C2-88BB-F3C8F1C88142}"
EndProject
Global
	GlobalSection(SolutionConfigurationPlatforms) = preSolution
		Debug|Any CPU = Debug|Any CPU
		Release|Any CPU = Release|Any CPU
	EndGlobalSection
	GlobalSection(ProjectConfigurationPlatforms) = postSolution
		{9A9BD9AC-C7CC-48C2-88BB-F3C8F1C88142}.Debug|Any CPU.ActiveCfg = Debug|Any CPU
		{9A9BD9AC-C7CC-48C2-88BB-F3C8F1C88142}.Debug|Any CPU.Build.0 = Debug|Any CPU
		{9A9BD9AC-C7CC-48C2-88BB-F3C8F1C88142}.Release|Any CPU.ActiveCfg = Release|Any CPU
		{9A9BD9AC-C7CC-48C2-88BB-F3C8F1C88142}.Release|Any CPU.Build.0 = Release|Any CPU
	EndGlobalSection
	GlobalSection(SolutionProperties) = preSolution
		HideSolutionNode = FALSE
	EndGlobalSection
	GlobalSection(ExtensibilityGlobals) = postSolution
		SolutionGuid = {D571C2EA-C017-48EF-8491-FE9416484D90}
	EndGlobalSection
EndGlobal
